
Microsoft Visual Studio Solution File, Format Version 12.00
# Visual Studio 14
VisualStudioVersion = 14.0.25420.1
MinimumVisualStudioVersion = 10.0.40219.1
Project("{8BB2217D-0F2D-49D1-97BC-3654ED321F3B}") = "WebServices", "WebServices\WebServices.xproj", "{D5B2C792-AE16-4483-B986-5B4EDA846F2E}"
EndProject
Project("{8BB2217D-0F2D-49D1-97BC-3654ED321F3B}") = "Data", "Data\Data.xproj", "{47AD6597-C073-4E74-8132-E4851CFBC796}"
EndProject
Project("{8BB2217D-0F2D-49D1-97BC-3654ED321F3B}") = "Data.Test", "Data.Test\Data.Test.xproj", "{0F8F4C33-35EC-4327-8AD6-ED9927C8453D}"
EndProject
Project("{8BB2217D-0F2D-49D1-97BC-3654ED321F3B}") = "WebSite", "WebSite\WebSite.xproj", "{048A1DCD-723D-4992-9C9F-344435EBE879}"
EndProject
Project("{8BB2217D-0F2D-49D1-97BC-3654ED321F3B}") = "MyCodeCamp.Data", "MyCodeCamp.Data\MyCodeCamp.Data.xproj", "{27499CF7-2060-4F57-9166-9A2468674626}"
EndProject
Global
	GlobalSection(SolutionConfigurationPlatforms) = preSolution
		Debug|Any CPU = Debug|Any CPU
		Debug|ARM = Debug|ARM
		Debug|x64 = Debug|x64
		Debug|x86 = Debug|x86
		Release|Any CPU = Release|Any CPU
		Release|ARM = Release|ARM
		Release|x64 = Release|x64
		Release|x86 = Release|x86
	EndGlobalSection
	GlobalSection(ProjectConfigurationPlatforms) = postSolution
		{D5B2C792-AE16-4483-B986-5B4EDA846F2E}.Debug|Any CPU.ActiveCfg = Debug|Any CPU
		{D5B2C792-AE16-4483-B986-5B4EDA846F2E}.Debug|Any CPU.Build.0 = Debug|Any CPU
		{D5B2C792-AE16-4483-B986-5B4EDA846F2E}.Debug|ARM.ActiveCfg = Debug|Any CPU
		{D5B2C792-AE16-4483-B986-5B4EDA846F2E}.Debug|ARM.Build.0 = Debug|Any CPU
		{D5B2C792-AE16-4483-B986-5B4EDA846F2E}.Debug|x64.ActiveCfg = Debug|Any CPU
		{D5B2C792-AE16-4483-B986-5B4EDA846F2E}.Debug|x64.Build.0 = Debug|Any CPU
		{D5B2C792-AE16-4483-B986-5B4EDA846F2E}.Debug|x86.ActiveCfg = Debug|Any CPU
		{D5B2C792-AE16-4483-B986-5B4EDA846F2E}.Debug|x86.Build.0 = Debug|Any CPU
		{D5B2C792-AE16-4483-B986-5B4EDA846F2E}.Release|Any CPU.ActiveCfg = Release|Any CPU
		{D5B2C792-AE16-4483-B986-5B4EDA846F2E}.Release|Any CPU.Build.0 = Release|Any CPU
		{D5B2C792-AE16-4483-B986-5B4EDA846F2E}.Release|ARM.ActiveCfg = Release|Any CPU
		{D5B2C792-AE16-4483-B986-5B4EDA846F2E}.Release|ARM.Build.0 = Release|Any CPU
		{D5B2C792-AE16-4483-B986-5B4EDA846F2E}.Release|x64.ActiveCfg = Release|Any CPU
		{D5B2C792-AE16-4483-B986-5B4EDA846F2E}.Release|x64.Build.0 = Release|Any CPU
		{D5B2C792-AE16-4483-B986-5B4EDA846F2E}.Release|x86.ActiveCfg = Release|Any CPU
		{D5B2C792-AE16-4483-B986-5B4EDA846F2E}.Release|x86.Build.0 = Release|Any CPU
		{47AD6597-C073-4E74-8132-E4851CFBC796}.Debug|Any CPU.ActiveCfg = Debug|Any CPU
		{47AD6597-C073-4E74-8132-E4851CFBC796}.Debug|Any CPU.Build.0 = Debug|Any CPU
		{47AD6597-C073-4E74-8132-E4851CFBC796}.Debug|ARM.ActiveCfg = Debug|Any CPU
		{47AD6597-C073-4E74-8132-E4851CFBC796}.Debug|ARM.Build.0 = Debug|Any CPU
		{47AD6597-C073-4E74-8132-E4851CFBC796}.Debug|x64.ActiveCfg = Debug|Any CPU
		{47AD6597-C073-4E74-8132-E4851CFBC796}.Debug|x64.Build.0 = Debug|Any CPU
		{47AD6597-C073-4E74-8132-E4851CFBC796}.Debug|x86.ActiveCfg = Debug|Any CPU
		{47AD6597-C073-4E74-8132-E4851CFBC796}.Debug|x86.Build.0 = Debug|Any CPU
		{47AD6597-C073-4E74-8132-E4851CFBC796}.Release|Any CPU.ActiveCfg = Release|Any CPU
		{47AD6597-C073-4E74-8132-E4851CFBC796}.Release|Any CPU.Build.0 = Release|Any CPU
		{47AD6597-C073-4E74-8132-E4851CFBC796}.Release|ARM.ActiveCfg = Release|Any CPU
		{47AD6597-C073-4E74-8132-E4851CFBC796}.Release|ARM.Build.0 = Release|Any CPU
		{47AD6597-C073-4E74-8132-E4851CFBC796}.Release|x64.ActiveCfg = Release|Any CPU
		{47AD6597-C073-4E74-8132-E4851CFBC796}.Release|x64.Build.0 = Release|Any CPU
		{47AD6597-C073-4E74-8132-E4851CFBC796}.Release|x86.ActiveCfg = Release|Any CPU
		{47AD6597-C073-4E74-8132-E4851CFBC796}.Release|x86.Build.0 = Release|Any CPU
		{0F8F4C33-35EC-4327-8AD6-ED9927C8453D}.Debug|Any CPU.ActiveCfg = Debug|Any CPU
		{0F8F4C33-35EC-4327-8AD6-ED9927C8453D}.Debug|Any CPU.Build.0 = Debug|Any CPU
		{0F8F4C33-35EC-4327-8AD6-ED9927C8453D}.Debug|ARM.ActiveCfg = Debug|Any CPU
		{0F8F4C33-35EC-4327-8AD6-ED9927C8453D}.Debug|ARM.Build.0 = Debug|Any CPU
		{0F8F4C33-35EC-4327-8AD6-ED9927C8453D}.Debug|x64.ActiveCfg = Debug|Any CPU
		{0F8F4C33-35EC-4327-8AD6-ED9927C8453D}.Debug|x64.Build.0 = Debug|Any CPU
		{0F8F4C33-35EC-4327-8AD6-ED9927C8453D}.Debug|x86.ActiveCfg = Debug|Any CPU
		{0F8F4C33-35EC-4327-8AD6-ED9927C8453D}.Debug|x86.Build.0 = Debug|Any CPU
		{0F8F4C33-35EC-4327-8AD6-ED9927C8453D}.Release|Any CPU.ActiveCfg = Release|Any CPU
		{0F8F4C33-35EC-4327-8AD6-ED9927C8453D}.Release|Any CPU.Build.0 = Release|Any CPU
		{0F8F4C33-35EC-4327-8AD6-ED9927C8453D}.Release|ARM.ActiveCfg = Release|Any CPU
		{0F8F4C33-35EC-4327-8AD6-ED9927C8453D}.Release|ARM.Build.0 = Release|Any CPU
		{0F8F4C33-35EC-4327-8AD6-ED9927C8453D}.Release|x64.ActiveCfg = Release|Any CPU
		{0F8F4C33-35EC-4327-8AD6-ED9927C8453D}.Release|x64.Build.0 = Release|Any CPU
		{0F8F4C33-35EC-4327-8AD6-ED9927C8453D}.Release|x86.ActiveCfg = Release|Any CPU
		{0F8F4C33-35EC-4327-8AD6-ED9927C8453D}.Release|x86.Build.0 = Release|Any CPU
		{048A1DCD-723D-4992-9C9F-344435EBE879}.Debug|Any CPU.ActiveCfg = Debug|Any CPU
		{048A1DCD-723D-4992-9C9F-344435EBE879}.Debug|Any CPU.Build.0 = Debug|Any CPU
		{048A1DCD-723D-4992-9C9F-344435EBE879}.Debug|ARM.ActiveCfg = Debug|Any CPU
		{048A1DCD-723D-4992-9C9F-344435EBE879}.Debug|ARM.Build.0 = Debug|Any CPU
		{048A1DCD-723D-4992-9C9F-344435EBE879}.Debug|x64.ActiveCfg = Debug|Any CPU
		{048A1DCD-723D-4992-9C9F-344435EBE879}.Debug|x64.Build.0 = Debug|Any CPU
		{048A1DCD-723D-4992-9C9F-344435EBE879}.Debug|x86.ActiveCfg = Debug|Any CPU
		{048A1DCD-723D-4992-9C9F-344435EBE879}.Debug|x86.Build.0 = Debug|Any CPU
		{048A1DCD-723D-4992-9C9F-344435EBE879}.Release|Any CPU.ActiveCfg = Release|Any CPU
		{048A1DCD-723D-4992-9C9F-344435EBE879}.Release|Any CPU.Build.0 = Release|Any CPU
		{048A1DCD-723D-4992-9C9F-344435EBE879}.Release|ARM.ActiveCfg = Release|Any CPU
		{048A1DCD-723D-4992-9C9F-344435EBE879}.Release|ARM.Build.0 = Release|Any CPU
		{048A1DCD-723D-4992-9C9F-344435EBE879}.Release|x64.ActiveCfg = Release|Any CPU
		{048A1DCD-723D-4992-9C9F-344435EBE879}.Release|x64.Build.0 = Release|Any CPU
		{048A1DCD-723D-4992-9C9F-344435EBE879}.Release|x86.ActiveCfg = Release|Any CPU
		{048A1DCD-723D-4992-9C9F-344435EBE879}.Release|x86.Build.0 = Release|Any CPU
		{27499CF7-2060-4F57-9166-9A2468674626}.Debug|Any CPU.ActiveCfg = Debug|Any CPU
		{27499CF7-2060-4F57-9166-9A2468674626}.Debug|Any CPU.Build.0 = Debug|Any CPU
		{27499CF7-2060-4F57-9166-9A2468674626}.Debug|ARM.ActiveCfg = Debug|Any CPU
		{27499CF7-2060-4F57-9166-9A2468674626}.Debug|ARM.Build.0 = Debug|Any CPU
		{27499CF7-2060-4F57-9166-9A2468674626}.Debug|x64.ActiveCfg = Debug|Any CPU
		{27499CF7-2060-4F57-9166-9A2468674626}.Debug|x64.Build.0 = Debug|Any CPU
		{27499CF7-2060-4F57-9166-9A2468674626}.Debug|x86.ActiveCfg = Debug|Any CPU
		{27499CF7-2060-4F57-9166-9A2468674626}.Debug|x86.Build.0 = Debug|Any CPU
		{27499CF7-2060-4F57-9166-9A2468674626}.Release|Any CPU.ActiveCfg = Release|Any CPU
		{27499CF7-2060-4F57-9166-9A2468674626}.Release|Any CPU.Build.0 = Release|Any CPU
		{27499CF7-2060-4F57-9166-9A2468674626}.Release|ARM.ActiveCfg = Release|Any CPU
		{27499CF7-2060-4F57-9166-9A2468674626}.Release|ARM.Build.0 = Release|Any CPU
		{27499CF7-2060-4F57-9166-9A2468674626}.Release|x64.ActiveCfg = Release|Any CPU
		{27499CF7-2060-4F57-9166-9A2468674626}.Release|x64.Build.0 = Release|Any CPU
		{27499CF7-2060-4F57-9166-9A2468674626}.Release|x86.ActiveCfg = Release|Any CPU
		{27499CF7-2060-4F57-9166-9A2468674626}.Release|x86.Build.0 = Release|Any CPU
	EndGlobalSection
	GlobalSection(SolutionProperties) = preSolution
		HideSolutionNode = FALSE
	EndGlobalSection
EndGlobal
